
Microsoft Visual Studio Solution File, Format Version 12.00
# Visual Studio Version 17
VisualStudioVersion = 17.5.2.0
MinimumVisualStudioVersion = 10.0.40219.1
Project("{FAE04EC0-301F-11D3-BF4B-00C04F79EFBC}") = "MillionApi", "MillionApi.csproj", "{D8703621-48F1-04C7-71AE-021A8DB7B896}"
EndProject
Project("{FAE04EC0-301F-11D3-BF4B-00C04F79EFBC}") = "Tests", "Tests\MillionApi.Tests.csproj", "{A8EBA173-7DF9-4487-AAD6-04750A739CAD}"
EndProject
Global
	GlobalSection(SolutionConfigurationPlatforms) = preSolution
		Debug|Any CPU = Debug|Any CPU
		Debug|x64 = Debug|x64
		Debug|x86 = Debug|x86
		Release|Any CPU = Release|Any CPU
		Release|x64 = Release|x64
		Release|x86 = Release|x86
	EndGlobalSection
	GlobalSection(ProjectConfigurationPlatforms) = postSolution
		{D8703621-48F1-04C7-71AE-021A8DB7B896}.Debug|Any CPU.ActiveCfg = Debug|Any CPU
		{D8703621-48F1-04C7-71AE-021A8DB7B896}.Debug|Any CPU.Build.0 = Debug|Any CPU
		{D8703621-48F1-04C7-71AE-021A8DB7B896}.Debug|x64.ActiveCfg = Debug|Any CPU
		{D8703621-48F1-04C7-71AE-021A8DB7B896}.Debug|x64.Build.0 = Debug|Any CPU
		{D8703621-48F1-04C7-71AE-021A8DB7B896}.Debug|x86.ActiveCfg = Debug|Any CPU
		{D8703621-48F1-04C7-71AE-021A8DB7B896}.Debug|x86.Build.0 = Debug|Any CPU
		{D8703621-48F1-04C7-71AE-021A8DB7B896}.Release|Any CPU.ActiveCfg = Release|Any CPU
		{D8703621-48F1-04C7-71AE-021A8DB7B896}.Release|Any CPU.Build.0 = Release|Any CPU
		{D8703621-48F1-04C7-71AE-021A8DB7B896}.Release|x64.ActiveCfg = Release|Any CPU
		{D8703621-48F1-04C7-71AE-021A8DB7B896}.Release|x64.Build.0 = Release|Any CPU
		{D8703621-48F1-04C7-71AE-021A8DB7B896}.Release|x86.ActiveCfg = Release|Any CPU
		{D8703621-48F1-04C7-71AE-021A8DB7B896}.Release|x86.Build.0 = Release|Any CPU
		{A8EBA173-7DF9-4487-AAD6-04750A739CAD}.Debug|Any CPU.ActiveCfg = Debug|Any CPU
		{A8EBA173-7DF9-4487-AAD6-04750A739CAD}.Debug|Any CPU.Build.0 = Debug|Any CPU
		{A8EBA173-7DF9-4487-AAD6-04750A739CAD}.Debug|x64.ActiveCfg = Debug|Any CPU
		{A8EBA173-7DF9-4487-AAD6-04750A739CAD}.Debug|x64.Build.0 = Debug|Any CPU
		{A8EBA173-7DF9-4487-AAD6-04750A739CAD}.Debug|x86.ActiveCfg = Debug|Any CPU
		{A8EBA173-7DF9-4487-AAD6-04750A739CAD}.Debug|x86.Build.0 = Debug|Any CPU
		{A8EBA173-7DF9-4487-AAD6-04750A739CAD}.Release|Any CPU.ActiveCfg = Release|Any CPU
		{A8EBA173-7DF9-4487-AAD6-04750A739CAD}.Release|Any CPU.Build.0 = Release|Any CPU
		{A8EBA173-7DF9-4487-AAD6-04750A739CAD}.Release|x64.ActiveCfg = Release|Any CPU
		{A8EBA173-7DF9-4487-AAD6-04750A739CAD}.Release|x64.Build.0 = Release|Any CPU
		{A8EBA173-7DF9-4487-AAD6-04750A739CAD}.Release|x86.ActiveCfg = Release|Any CPU
		{A8EBA173-7DF9-4487-AAD6-04750A739CAD}.Release|x86.Build.0 = Release|Any CPU
	EndGlobalSection
	GlobalSection(SolutionProperties) = preSolution
		HideSolutionNode = FALSE
	EndGlobalSection
	GlobalSection(ExtensibilityGlobals) = postSolution
		SolutionGuid = {D360C274-B246-4F74-8F33-6ED725716D5B}
	EndGlobalSection
EndGlobal
